[root]
name = "renderer"
version = "0.0.1"
dependencies = [
 "image 0.3.0 (git+https://github.com/PistonDevelopers/image)",
 "nalgebra 0.2.7 (git+https://github.com/sebcrozet/nalgebra)",
 "rand 0.3.0 (git+https://github.com/rust-lang/rand)",
]

[[package]]
name = "byteorder"
version = "0.3.3"
source = "registry+https://github.com/rust-lang/crates.io-index"

[[package]]
name = "image"
version = "0.3.0"
source = "git+https://github.com/PistonDevelopers/image#ca0f68775a8d35984506a025eefe61baa3b64535"
dependencies = [
 "byteorder 0.3.3 (registry+https://github.com/rust-lang/crates.io-index)",
 "num 0.1.18 (registry+https://github.com/rust-lang/crates.io-index)",
]

[[package]]
name = "libc"
version = "0.1.3"
source = "registry+https://github.com/rust-lang/crates.io-index"

[[package]]
name = "log"
version = "0.2.5"
source = "registry+https://github.com/rust-lang/crates.io-index"

[[package]]
name = "log"
version = "0.3.0"
source = "registry+https://github.com/rust-lang/crates.io-index"
dependencies = [
 "libc 0.1.3 (registry+https://github.com/rust-lang/crates.io-index)",
]

[[package]]
name = "nalgebra"
version = "0.2.7"
source = "git+https://github.com/sebcrozet/nalgebra#0988b837dce4fc5428c54f6349c554f6d4681b92"
dependencies = [
 "rand 0.2.1 (registry+https://github.com/rust-lang/crates.io-index)",
 "rustc-serialize 0.3.7 (registry+https://github.com/rust-lang/crates.io-index)",
]

[[package]]
name = "num"
version = "0.1.18"
source = "registry+https://github.com/rust-lang/crates.io-index"
dependencies = [
 "rand 0.2.1 (registry+https://github.com/rust-lang/crates.io-index)",
 "rustc-serialize 0.3.7 (registry+https://github.com/rust-lang/crates.io-index)",
]

[[package]]
name = "rand"
version = "0.2.1"
source = "registry+https://github.com/rust-lang/crates.io-index"
dependencies = [
 "libc 0.1.3 (registry+https://github.com/rust-lang/crates.io-index)",
 "log 0.2.5 (registry+https://github.com/rust-lang/crates.io-index)",
]

[[package]]
name = "rand"
version = "0.3.0"
source = "git+https://github.com/rust-lang/rand#7cadee3820ad09bfb36e1d30ef082eac0a691223"
dependencies = [
 "libc 0.1.3 (registry+https://github.com/rust-lang/crates.io-index)",
 "log 0.3.0 (registry+https://github.com/rust-lang/crates.io-index)",
]

[[package]]
name = "rustc-serialize"
version = "0.3.7"
source = "registry+https://github.com/rust-lang/crates.io-index"

